
Microsoft Visual Studio Solution File, Format Version 12.00
# Visual Studio Version 17
VisualStudioVersion = 17.0.32014.148
MinimumVisualStudioVersion = 10.0.40219.1
Project("{FAE04EC0-301F-11D3-BF4B-00C04F79EFBC}") = "WinFormsApp1test", "WinFormsApp1test\WinFormsApp1test.csproj", "{021BE1C9-8E2E-448C-9ECA-A448F2F00606}"
EndProject
Global
	GlobalSection(SolutionConfigurationPlatforms) = preSolution
		Debug|Any CPU = Debug|Any CPU
		Release|Any CPU = Release|Any CPU
	EndGlobalSection
	GlobalSection(ProjectConfigurationPlatforms) = postSolution
		{021BE1C9-8E2E-448C-9ECA-A448F2F00606}.Debug|Any CPU.ActiveCfg = Debug|Any CPU
		{021BE1C9-8E2E-448C-9ECA-A448F2F00606}.Debug|Any CPU.Build.0 = Debug|Any CPU
		{021BE1C9-8E2E-448C-9ECA-A448F2F00606}.Release|Any CPU.ActiveCfg = Release|Any CPU
		{021BE1C9-8E2E-448C-9ECA-A448F2F00606}.Release|Any CPU.Build.0 = Release|Any CPU
	EndGlobalSection
	GlobalSection(SolutionProperties) = preSolution
		HideSolutionNode = FALSE
	EndGlobalSection
	GlobalSection(ExtensibilityGlobals) = postSolution
		SolutionGuid = {28F39044-B443-4C1B-A29D-8DFE4D05A915}
	EndGlobalSection
EndGlobal
